
Microsoft Visual Studio Solution File, Format Version 12.00
# Visual Studio Version 16
VisualStudioVersion = 16.0.29519.181
MinimumVisualStudioVersion = 10.0.40219.1
Project("{FAE04EC0-301F-11D3-BF4B-00C04F79EFBC}") = "SpeedArchive", "SpeedArchive.csproj", "{4284A8A7-49DC-4D58-A27B-FA58874769BF}"
EndProject
Project("{FAE04EC0-301F-11D3-BF4B-00C04F79EFBC}") = "SpeedrunComSharp", "..\SpeedrunComSharp\SpeedrunComSharp\SpeedrunComSharp.csproj", "{924AAFFE-5B89-49E2-99AD-EC9373CC838D}"
EndProject
Global
	GlobalSection(SolutionConfigurationPlatforms) = preSolution
		Debug with API Calls|Any CPU = Debug with API Calls|Any CPU
		Debug|Any CPU = Debug|Any CPU
		Release|Any CPU = Release|Any CPU
	EndGlobalSection
	GlobalSection(ProjectConfigurationPlatforms) = postSolution
		{4284A8A7-49DC-4D58-A27B-FA58874769BF}.Debug with API Calls|Any CPU.ActiveCfg = Debug|Any CPU
		{4284A8A7-49DC-4D58-A27B-FA58874769BF}.Debug with API Calls|Any CPU.Build.0 = Debug|Any CPU
		{4284A8A7-49DC-4D58-A27B-FA58874769BF}.Debug|Any CPU.ActiveCfg = Debug|Any CPU
		{4284A8A7-49DC-4D58-A27B-FA58874769BF}.Debug|Any CPU.Build.0 = Debug|Any CPU
		{4284A8A7-49DC-4D58-A27B-FA58874769BF}.Release|Any CPU.ActiveCfg = Release|Any CPU
		{4284A8A7-49DC-4D58-A27B-FA58874769BF}.Release|Any CPU.Build.0 = Release|Any CPU
		{924AAFFE-5B89-49E2-99AD-EC9373CC838D}.Debug with API Calls|Any CPU.ActiveCfg = Debug with API Calls|Any CPU
		{924AAFFE-5B89-49E2-99AD-EC9373CC838D}.Debug with API Calls|Any CPU.Build.0 = Debug with API Calls|Any CPU
		{924AAFFE-5B89-49E2-99AD-EC9373CC838D}.Debug|Any CPU.ActiveCfg = Debug|Any CPU
		{924AAFFE-5B89-49E2-99AD-EC9373CC838D}.Debug|Any CPU.Build.0 = Debug|Any CPU
		{924AAFFE-5B89-49E2-99AD-EC9373CC838D}.Release|Any CPU.ActiveCfg = Release|Any CPU
		{924AAFFE-5B89-49E2-99AD-EC9373CC838D}.Release|Any CPU.Build.0 = Release|Any CPU
	EndGlobalSection
	GlobalSection(SolutionProperties) = preSolution
		HideSolutionNode = FALSE
	EndGlobalSection
	GlobalSection(ExtensibilityGlobals) = postSolution
		SolutionGuid = {EC9FC219-8051-4748-AB75-242FDECCA716}
	EndGlobalSection
EndGlobal
